
Microsoft Visual Studio Solution File, Format Version 12.00
# Visual Studio 15
VisualStudioVersion = 15.0.26403.7
MinimumVisualStudioVersion = 10.0.40219.1
Project("{9A19103F-16F7-4668-BE54-9A1E7A4F7556}") = "Extend", "Extend\Extend.csproj", "{16EBB448-000F-405C-93F8-9B95D825F489}"
EndProject
Project("{9A19103F-16F7-4668-BE54-9A1E7A4F7556}") = "Extend.Testing", "Extend.Testing\Extend.Testing.csproj", "{78786E7E-E1EE-42CA-9176-7CC5C0362094}"
EndProject
Global
	GlobalSection(SolutionConfigurationPlatforms) = preSolution
		Debug|Any CPU = Debug|Any CPU
		Release|Any CPU = Release|Any CPU
	EndGlobalSection
	GlobalSection(ProjectConfigurationPlatforms) = postSolution
		{16EBB448-000F-405C-93F8-9B95D825F489}.Debug|Any CPU.ActiveCfg = Debug|Any CPU
		{16EBB448-000F-405C-93F8-9B95D825F489}.Debug|Any CPU.Build.0 = Debug|Any CPU
		{16EBB448-000F-405C-93F8-9B95D825F489}.Release|Any CPU.ActiveCfg = Release|Any CPU
		{16EBB448-000F-405C-93F8-9B95D825F489}.Release|Any CPU.Build.0 = Release|Any CPU
		{78786E7E-E1EE-42CA-9176-7CC5C0362094}.Debug|Any CPU.ActiveCfg = Debug|Any CPU
		{78786E7E-E1EE-42CA-9176-7CC5C0362094}.Debug|Any CPU.Build.0 = Debug|Any CPU
		{78786E7E-E1EE-42CA-9176-7CC5C0362094}.Release|Any CPU.ActiveCfg = Release|Any CPU
		{78786E7E-E1EE-42CA-9176-7CC5C0362094}.Release|Any CPU.Build.0 = Release|Any CPU
	EndGlobalSection
	GlobalSection(SolutionProperties) = preSolution
		HideSolutionNode = FALSE
	EndGlobalSection
EndGlobal
