
Microsoft Visual Studio Solution File, Format Version 12.00
# Visual Studio 14
VisualStudioVersion = 14.0.23107.0
MinimumVisualStudioVersion = 10.0.40219.1
Project("{FAE04EC0-301F-11D3-BF4B-00C04F79EFBC}") = "Extend.Portable", "Extend\Extend.Portable.csproj", "{44F737D4-DCD5-49B8-BF90-44A7F95BBDF4}"
EndProject
Project("{FAE04EC0-301F-11D3-BF4B-00C04F79EFBC}") = "Extend.Portable.Testing", "Extend.Testing\Extend.Portable.Testing.csproj", "{8F65CF4E-8582-4A72-933B-87A07ADDC430}"
EndProject
Project("{2150E333-8FDC-42A3-9474-1A3956D46DE8}") = "Tests", "Tests", "{48E34E4F-E3DA-4B53-A9BC-AAAF9DF9A9FE}"
EndProject
Global
	GlobalSection(SolutionConfigurationPlatforms) = preSolution
		Debug|Any CPU = Debug|Any CPU
		Release|Any CPU = Release|Any CPU
	EndGlobalSection
	GlobalSection(ProjectConfigurationPlatforms) = postSolution
		{44F737D4-DCD5-49B8-BF90-44A7F95BBDF4}.Debug|Any CPU.ActiveCfg = Debug|Any CPU
		{44F737D4-DCD5-49B8-BF90-44A7F95BBDF4}.Debug|Any CPU.Build.0 = Debug|Any CPU
		{44F737D4-DCD5-49B8-BF90-44A7F95BBDF4}.Release|Any CPU.ActiveCfg = Release|Any CPU
		{44F737D4-DCD5-49B8-BF90-44A7F95BBDF4}.Release|Any CPU.Build.0 = Release|Any CPU
		{44F737D4-DCD5-49B8-BF90-44A7F95BBDF4}.Release|Any CPU.Deploy.0 = Release|Any CPU
		{8F65CF4E-8582-4A72-933B-87A07ADDC430}.Debug|Any CPU.ActiveCfg = Debug|Any CPU
		{8F65CF4E-8582-4A72-933B-87A07ADDC430}.Debug|Any CPU.Build.0 = Debug|Any CPU
		{8F65CF4E-8582-4A72-933B-87A07ADDC430}.Release|Any CPU.ActiveCfg = Release|Any CPU
		{8F65CF4E-8582-4A72-933B-87A07ADDC430}.Release|Any CPU.Build.0 = Release|Any CPU
	EndGlobalSection
	GlobalSection(SolutionProperties) = preSolution
		HideSolutionNode = FALSE
	EndGlobalSection
	GlobalSection(NestedProjects) = preSolution
		{8F65CF4E-8582-4A72-933B-87A07ADDC430} = {48E34E4F-E3DA-4B53-A9BC-AAAF9DF9A9FE}
	EndGlobalSection
EndGlobal
